{
  "name": "cra-ts-antd",
  "version": "0.1.0",
  "lockfileVersion": 1,
  "requires": true,
  "dependencies": {
    "@types/pdfobject": {
      "version": "2.0.6",
      "resolved": "https://registry.npmjs.org/@types/pdfobject/-/pdfobject-2.0.6.tgz",
      "integrity": "sha512-KtwKbfAX4FOmB9aWbwP/tURPr4oU7Sc9mc3HZJtzQV8hsPwoMyVwx9duEvAAhVjr9/WQJKBkuaAf4pfmBIiX0g=="
    },
    "@types/query-string": {
      "version": "5.0.1",
      "resolved": "http://registry.npm.taobao.org/@types/query-string/download/@types/query-string-5.0.1.tgz",
      "integrity": "sha1-bLQcckyxZE1WwtHa58eyBOcGs54="
    },
    "decode-uri-component": {
      "version": "0.2.0",
      "resolved": "http://registry.npm.taobao.org/decode-uri-component/download/decode-uri-component-0.2.0.tgz",
      "integrity": "sha1-6zkTMzRYd1y4TNGh+uBiEGu4dUU="
    },
    "object-assign": {
      "version": "4.1.1",
      "resolved": "http://registry.npm.taobao.org/object-assign/download/object-assign-4.1.1.tgz",
      "integrity": "sha1-IQmtx5ZYh8/AXLvUQsrIv7s2CGM="
    },
    "query-string": {
      "version": "5.0.1",
      "resolved": "http://registry.npm.taobao.org/query-string/download/query-string-5.0.1.tgz",
      "integrity": "sha1-biuG/g4IrvaC7L6G6Fg0dlQCvYg=",
      "requires": {
        "decode-uri-component": "0.2.0",
        "object-assign": "4.1.1",
        "strict-uri-encode": "1.1.0"
      }
    },
    "strict-uri-encode": {
      "version": "1.1.0",
      "resolved": "http://registry.npm.taobao.org/strict-uri-encode/download/strict-uri-encode-1.1.0.tgz",
      "integrity": "sha1-J5siXfHVgrH1TmWt3UNS4Y+qBxM="
    }
  }
}
